
Microsoft Visual Studio Solution File, Format Version 12.00
# Visual Studio Version 17
VisualStudioVersion = 17.14.36301.6 d17.14
MinimumVisualStudioVersion = 10.0.40219.1
Project("{FAE04EC0-301F-11D3-BF4B-00C04F79EFBC}") = "day9", "day9\day9.csproj", "{725CAD37-894C-4AAC-9F60-163D7A2C8838}"
EndProject
Global
	GlobalSection(SolutionConfigurationPlatforms) = preSolution
		Debug|Any CPU = Debug|Any CPU
		Release|Any CPU = Release|Any CPU
	EndGlobalSection
	GlobalSection(ProjectConfigurationPlatforms) = postSolution
		{725CAD37-894C-4AAC-9F60-163D7A2C8838}.Debug|Any CPU.ActiveCfg = Debug|Any CPU
		{725CAD37-894C-4AAC-9F60-163D7A2C8838}.Debug|Any CPU.Build.0 = Debug|Any CPU
		{725CAD37-894C-4AAC-9F60-163D7A2C8838}.Release|Any CPU.ActiveCfg = Release|Any CPU
		{725CAD37-894C-4AAC-9F60-163D7A2C8838}.Release|Any CPU.Build.0 = Release|Any CPU
	EndGlobalSection
	GlobalSection(SolutionProperties) = preSolution
		HideSolutionNode = FALSE
	EndGlobalSection
	GlobalSection(ExtensibilityGlobals) = postSolution
		SolutionGuid = {518B230E-14A2-49D2-8974-3C463E0212F2}
	EndGlobalSection
EndGlobal
